Microsoft Visual Studio Solution File, Format Version 9.00
# Visual Studio 2005
Project("{8BC9CEB8-8B4A-11D0-8D11-00A0C91BC942}") = "a3dRT", "..\..\source\a3dRT\a3dRT.vcproj", "{26440A35-51C0-4469-B5F7-5001077118C1}"
	ProjectSection(ProjectDependencies) = postProject
		{49905821-ED90-43EB-AB37-C433D0116D55} = {49905821-ED90-43EB-AB37-C433D0116D55}
		{0C4B9B74-0F88-4EFC-965A-90301E376F8E} = {0C4B9B74-0F88-4EFC-965A-90301E376F8E}
		{FC69CD96-3C88-4CCC-85A8-B3769B68B59A} = {FC69CD96-3C88-4CCC-85A8-B3769B68B59A}
		{B46CEB4F-07C7-4F18-9364-FA1B99247564} = {B46CEB4F-07C7-4F18-9364-FA1B99247564}
		{3EF13430-BBF5-415F-BE98-BE6EFD6CFEFD} = {3EF13430-BBF5-415F-BE98-BE6EFD6CFEFD}
	EndProjectSection
EndProject
Project("{8BC9CEB8-8B4A-11D0-8D11-00A0C91BC942}") = "GCore", "..\..\dev\RightHemisphere\DE40\DE42\GCore\GCore.vcproj", "{B46CEB4F-07C7-4F18-9364-FA1B99247564}"
EndProject
Project("{8BC9CEB8-8B4A-11D0-8D11-00A0C91BC942}") = "MiniLib", "..\..\dev\RightHemisphere\DE40\MiniLib\MiniLib.vcproj", "{FC69CD96-3C88-4CCC-85A8-B3769B68B59A}"
EndProject
Project("{8BC9CEB8-8B4A-11D0-8D11-00A0C91BC942}") = "2d", "..\..\dev\RightHemisphere\DE40\DEPlugins\Plugins\2d\2d.vcproj", "{AA8B8075-1D88-4E5E-B0C2-B619B7C8EACC}"
	ProjectSection(ProjectDependencies) = postProject
		{B46CEB4F-07C7-4F18-9364-FA1B99247564} = {B46CEB4F-07C7-4F18-9364-FA1B99247564}
		{49905821-ED90-43EB-AB37-C433D0116D55} = {49905821-ED90-43EB-AB37-C433D0116D55}
	EndProjectSection
EndProject
Project("{8BC9CEB8-8B4A-11D0-8D11-00A0C91BC942}") = "3difr", "..\..\dev\RightHemisphere\DE40\DEPlugins\Plugins\3difr\3difr.vcproj", "{FE976479-1160-4ADA-8065-FAC8B7F271A7}"
	ProjectSection(ProjectDependencies) = postProject
		{B46CEB4F-07C7-4F18-9364-FA1B99247564} = {B46CEB4F-07C7-4F18-9364-FA1B99247564}
	EndProjectSection
EndProject
Project("{8BC9CEB8-8B4A-11D0-8D11-00A0C91BC942}") = "drvDX8", "..\..\dev\RightHemisphere\DE40\DEPlugins\Plugins\drvDX8\drvDX8.vcproj", "{9BBD1339-E693-4238-B9BB-A58FA6D7CCC2}"
	ProjectSection(ProjectDependencies) = postProject
		{B46CEB4F-07C7-4F18-9364-FA1B99247564} = {B46CEB4F-07C7-4F18-9364-FA1B99247564}
	EndProjectSection
EndProject
Project("{8BC9CEB8-8B4A-11D0-8D11-00A0C91BC942}") = "drvDX9", "..\..\dev\RightHemisphere\DE40\DEPlugins\Plugins\drvDX9\drvDX9.vcproj", "{0D0119CA-F56C-422B-926E-291CB50EDAE6}"
	ProjectSection(ProjectDependencies) = postProject
		{B46CEB4F-07C7-4F18-9364-FA1B99247564} = {B46CEB4F-07C7-4F18-9364-FA1B99247564}
	EndProjectSection
EndProject
Project("{8BC9CEB8-8B4A-11D0-8D11-00A0C91BC942}") = "zb", "..\..\dev\RightHemisphere\DE40\DEPlugins\Plugins\drvSOFT\zb.vcproj", "{A7F0BAE7-671C-497A-95D9-72242F033F03}"
	ProjectSection(ProjectDependencies) = postProject
		{B46CEB4F-07C7-4F18-9364-FA1B99247564} = {B46CEB4F-07C7-4F18-9364-FA1B99247564}
	EndProjectSection
EndProject
Project("{8BC9CEB8-8B4A-11D0-8D11-00A0C91BC942}") = "a3dStubLib", "..\..\..\..\..\pdfl\Common\a3d\build\win\stubLib\a3dStubLib.vcproj", "{4B2AF167-3120-4ED8-9188-8A0DBE2ABE20}"
EndProject
Project("{8BC9CEB8-8B4A-11D0-8D11-00A0C91BC942}") = "zlib", "..\..\dev\RightHemisphere\DE40\DEPlugins\Plugins\zlib\zlib.vcproj", "{49905821-ED90-43EB-AB37-C433D0116D55}"
EndProject
Project("{8BC9CEB8-8B4A-11D0-8D11-00A0C91BC942}") = "3dif", "..\..\dev\RightHemisphere\DE40\DEPlugins\Plugins\3dif\3dif.vcproj", "{288E5572-70BE-48A0-86A7-EDBA2AADA30E}"
	ProjectSection(ProjectDependencies) = postProject
		{B46CEB4F-07C7-4F18-9364-FA1B99247564} = {B46CEB4F-07C7-4F18-9364-FA1B99247564}
	EndProjectSection
EndProject
Project("{8BC9CEB8-8B4A-11D0-8D11-00A0C91BC942}") = "rh", "..\..\dev\RightHemisphere\DE40\DEPlugins\Plugins\rh\rh.vcproj", "{7755F74F-F82E-4EC9-AD90-F0BED9088F78}"
	ProjectSection(ProjectDependencies) = postProject
		{B46CEB4F-07C7-4F18-9364-FA1B99247564} = {B46CEB4F-07C7-4F18-9364-FA1B99247564}
	EndProjectSection
EndProject
Project("{8BC9CEB8-8B4A-11D0-8D11-00A0C91BC942}") = "obj", "..\..\dev\RightHemisphere\DE40\DEPlugins\Plugins\obj\obj.vcproj", "{E7243F96-070F-4A03-A134-2239972DB661}"
	ProjectSection(ProjectDependencies) = postProject
		{B46CEB4F-07C7-4F18-9364-FA1B99247564} = {B46CEB4F-07C7-4F18-9364-FA1B99247564}
	EndProjectSection
EndProject
Project("{8BC9CEB8-8B4A-11D0-8D11-00A0C91BC942}") = "3ds", "..\..\dev\RightHemisphere\DE40\DEPlugins\Plugins\3ds\3ds.vcproj", "{99019EDF-FBB3-49DB-B772-2B77B80FFE74}"
	ProjectSection(ProjectDependencies) = postProject
		{B46CEB4F-07C7-4F18-9364-FA1B99247564} = {B46CEB4F-07C7-4F18-9364-FA1B99247564}
	EndProjectSection
EndProject
Project("{8BC9CEB8-8B4A-11D0-8D11-00A0C91BC942}") = "kftools", "..\..\dev\RightHemisphere\DE40\DEPlugins\Plugins\kftools\kftools.vcproj", "{3EF13430-BBF5-415F-BE98-BE6EFD6CFEFD}"
	ProjectSection(ProjectDependencies) = postProject
		{B46CEB4F-07C7-4F18-9364-FA1B99247564} = {B46CEB4F-07C7-4F18-9364-FA1B99247564}
	EndProjectSection
EndProject
Project("{8BC9CEB8-8B4A-11D0-8D11-00A0C91BC942}") = "tesselate", "..\..\dev\RightHemisphere\DE40\DEPlugins\Plugins\tesselate\tesselate.vcproj", "{9A696F69-B639-4886-ABE1-262A8ED505FC}"
	ProjectSection(ProjectDependencies) = postProject
		{B46CEB4F-07C7-4F18-9364-FA1B99247564} = {B46CEB4F-07C7-4F18-9364-FA1B99247564}
	EndProjectSection
EndProject
Project("{8BC9CEB8-8B4A-11D0-8D11-00A0C91BC942}") = "pgm", "..\..\dev\RightHemisphere\DE40\DEPlugins\Plugins\pgm\pgm.vcproj", "{CA8B128C-2B71-45A2-B459-E80317A96C1A}"
	ProjectSection(ProjectDependencies) = postProject
		{B46CEB4F-07C7-4F18-9364-FA1B99247564} = {B46CEB4F-07C7-4F18-9364-FA1B99247564}
	EndProjectSection
EndProject
Project("{8BC9CEB8-8B4A-11D0-8D11-00A0C91BC942}") = "ASC", "..\..\dev\RightHemisphere\DE40\DEPlugins\Plugins\asc\ASC.vcproj", "{2AF195EC-68A7-4EE6-85F8-2D77C14447B8}"
	ProjectSection(ProjectDependencies) = postProject
		{B46CEB4F-07C7-4F18-9364-FA1B99247564} = {B46CEB4F-07C7-4F18-9364-FA1B99247564}
	EndProjectSection
EndProject
Project("{8BC9CEB8-8B4A-11D0-8D11-00A0C91BC942}") = "ASE", "..\..\dev\RightHemisphere\DE40\DEPlugins\Plugins\ASE\ASE.vcproj", "{B8FA0EC6-5C62-4A81-A515-1267DD8C1107}"
	ProjectSection(ProjectDependencies) = postProject
		{B46CEB4F-07C7-4F18-9364-FA1B99247564} = {B46CEB4F-07C7-4F18-9364-FA1B99247564}
	EndProjectSection
EndProject
Project("{8BC9CEB8-8B4A-11D0-8D11-00A0C91BC942}") = "max", "..\..\dev\RightHemisphere\DE40\DEPlugins\Plugins\max\max.vcproj", "{0CFE6DEF-6335-4EAB-A000-E18EDCA64B0F}"
	ProjectSection(ProjectDependencies) = postProject
		{FC69CD96-3C88-4CCC-85A8-B3769B68B59A} = {FC69CD96-3C88-4CCC-85A8-B3769B68B59A}
		{B46CEB4F-07C7-4F18-9364-FA1B99247564} = {B46CEB4F-07C7-4F18-9364-FA1B99247564}
		{D503CF3F-CDDF-4244-8170-257C31254132} = {D503CF3F-CDDF-4244-8170-257C31254132}
	EndProjectSection
EndProject
Project("{8BC9CEB8-8B4A-11D0-8D11-00A0C91BC942}") = "max_gup6", "..\..\dev\RightHemisphere\DE40\DEPlugins\Plugins\max_gup6\max_gup6.vcproj", "{D503CF3F-CDDF-4244-8170-257C31254132}"
EndProject
Project("{8BC9CEB8-8B4A-11D0-8D11-00A0C91BC942}") = "max_gup", "..\..\dev\RightHemisphere\DE40\DEPlugins\Plugins\max_gup\max_gup.vcproj", "{CFCFCDD6-439B-4A0F-A9B7-921CA18122B0}"
	ProjectSection(ProjectDependencies) = postProject
		{FC69CD96-3C88-4CCC-85A8-B3769B68B59A} = {FC69CD96-3C88-4CCC-85A8-B3769B68B59A}
		{B46CEB4F-07C7-4F18-9364-FA1B99247564} = {B46CEB4F-07C7-4F18-9364-FA1B99247564}
		{D503CF3F-CDDF-4244-8170-257C31254132} = {D503CF3F-CDDF-4244-8170-257C31254132}
	EndProjectSection
EndProject
Project("{8BC9CEB8-8B4A-11D0-8D11-00A0C91BC942}") = "lwo", "..\..\dev\RightHemisphere\DE40\DEPlugins\Plugins\lwo\lwo.vcproj", "{3F7E0E63-FE02-4652-963E-F816D8A76396}"
	ProjectSection(ProjectDependencies) = postProject
		{B46CEB4F-07C7-4F18-9364-FA1B99247564} = {B46CEB4F-07C7-4F18-9364-FA1B99247564}
	EndProjectSection
EndProject
Project("{8BC9CEB8-8B4A-11D0-8D11-00A0C91BC942}") = "3drm", "..\..\dev\RightHemisphere\DE40\DEPlugins\Plugins\3drm\3drm.vcproj", "{0D9FCC96-D3E6-4224-ABDD-2C8EDAF5ACF6}"
	ProjectSection(ProjectDependencies) = postProject
		{B46CEB4F-07C7-4F18-9364-FA1B99247564} = {B46CEB4F-07C7-4F18-9364-FA1B99247564}
	EndProjectSection
EndProject
Project("{8BC9CEB8-8B4A-11D0-8D11-00A0C91BC942}") = "a3dOfc", "..\..\source\a3dOfc\a3dOfc.vcproj", "{FAD778E3-7855-40F5-AA49-932BB0729DFE}"
	ProjectSection(ProjectDependencies) = postProject
		{26440A35-51C0-4469-B5F7-5001077118C1} = {26440A35-51C0-4469-B5F7-5001077118C1}
		{0C4B9B74-0F88-4EFC-965A-90301E376F8E} = {0C4B9B74-0F88-4EFC-965A-90301E376F8E}
		{4B2AF167-3120-4ED8-9188-8A0DBE2ABE20} = {4B2AF167-3120-4ED8-9188-8A0DBE2ABE20}
	EndProjectSection
EndProject
Project("{8BC9CEB8-8B4A-11D0-8D11-00A0C91BC942}") = "AutoCAD", "..\..\dev\RightHemisphere\DE40\DEPlugins\Plugins\AutoCAD\OpenDWG.vcproj", "{C3836F4E-FEC0-4A57-9CDB-B870B994E0D7}"
	ProjectSection(ProjectDependencies) = postProject
		{B46CEB4F-07C7-4F18-9364-FA1B99247564} = {B46CEB4F-07C7-4F18-9364-FA1B99247564}
	EndProjectSection
EndProject
Project("{8BC9CEB8-8B4A-11D0-8D11-00A0C91BC942}") = "rhino", "..\..\dev\RightHemisphere\DE40\DEPlugins\Plugins\rhino\rhino.vcproj", "{BE68FD69-E2C8-4BDE-B20A-6CC46767AFB4}"
	ProjectSection(ProjectDependencies) = postProject
		{FAE9D8AD-0344-4756-AE50-AD21D55F0548} = {FAE9D8AD-0344-4756-AE50-AD21D55F0548}
		{B46CEB4F-07C7-4F18-9364-FA1B99247564} = {B46CEB4F-07C7-4F18-9364-FA1B99247564}
		{49905821-ED90-43EB-AB37-C433D0116D55} = {49905821-ED90-43EB-AB37-C433D0116D55}
	EndProjectSection
EndProject
Project("{8BC9CEB8-8B4A-11D0-8D11-00A0C91BC942}") = "opennurbs", "..\..\dev\RightHemisphere\DE40\DEPlugins\Plugins\rhino\opennurbs.vcproj", "{FAE9D8AD-0344-4756-AE50-AD21D55F0548}"
	ProjectSection(ProjectDependencies) = postProject
		{B46CEB4F-07C7-4F18-9364-FA1B99247564} = {B46CEB4F-07C7-4F18-9364-FA1B99247564}
		{11ECDD25-A56E-4E83-9064-6F49606C02F5} = {11ECDD25-A56E-4E83-9064-6F49606C02F5}
	EndProjectSection
EndProject
Project("{8BC9CEB8-8B4A-11D0-8D11-00A0C91BC942}") = "nurbsobj", "..\..\dev\RightHemisphere\DE40\DEPlugins\Plugins\nurbsobj\nurbsobj.vcproj", "{11ECDD25-A56E-4E83-9064-6F49606C02F5}"
	ProjectSection(ProjectDependencies) = postProject
		{B46CEB4F-07C7-4F18-9364-FA1B99247564} = {B46CEB4F-07C7-4F18-9364-FA1B99247564}
		{FC5CD213-A4D7-4F16-9A2F-8E351C67CA50} = {FC5CD213-A4D7-4F16-9A2F-8E351C67CA50}
	EndProjectSection
EndProject
Project("{8BC9CEB8-8B4A-11D0-8D11-00A0C91BC942}") = "polybool", "..\..\dev\RightHemisphere\DE40\DEPlugins\Plugins\polybool\polybool.vcproj", "{FC5CD213-A4D7-4F16-9A2F-8E351C67CA50}"
	ProjectSection(ProjectDependencies) = postProject
		{B46CEB4F-07C7-4F18-9364-FA1B99247564} = {B46CEB4F-07C7-4F18-9364-FA1B99247564}
	EndProjectSection
EndProject
Project("{8BC9CEB8-8B4A-11D0-8D11-00A0C91BC942}") = "XSI", "..\..\dev\RightHemisphere\DE40\DEPlugins\Plugins\XSI\XSI.vcproj", "{5C57DA9D-5D7E-4ECE-92DB-F9C41DA46B50}"
	ProjectSection(ProjectDependencies) = postProject
		{B46CEB4F-07C7-4F18-9364-FA1B99247564} = {B46CEB4F-07C7-4F18-9364-FA1B99247564}
	EndProjectSection
EndProject
Project("{8BC9CEB8-8B4A-11D0-8D11-00A0C91BC942}") = "a3dWeb", "..\..\source\a3dWeb\a3dWeb.vcproj", "{51351D51-CAEB-47A2-A0C8-570E028C5EC0}"
	ProjectSection(ProjectDependencies) = postProject
		{26440A35-51C0-4469-B5F7-5001077118C1} = {26440A35-51C0-4469-B5F7-5001077118C1}
		{0C4B9B74-0F88-4EFC-965A-90301E376F8E} = {0C4B9B74-0F88-4EFC-965A-90301E376F8E}
		{4B2AF167-3120-4ED8-9188-8A0DBE2ABE20} = {4B2AF167-3120-4ED8-9188-8A0DBE2ABE20}
	EndProjectSection
EndProject
Project("{8BC9CEB8-8B4A-11D0-8D11-00A0C91BC942}") = "e3Zip", "..\..\dev\RightHemisphere\DE40\DEPlugins\Plugins\e3zip\7z.vcproj", "{0BB36103-462B-4AA5-80D2-ED7AF0EB91ED}"
	ProjectSection(ProjectDependencies) = postProject
		{B46CEB4F-07C7-4F18-9364-FA1B99247564} = {B46CEB4F-07C7-4F18-9364-FA1B99247564}
		{49905821-ED90-43EB-AB37-C433D0116D55} = {49905821-ED90-43EB-AB37-C433D0116D55}
	EndProjectSection
EndProject
Project("{8BC9CEB8-8B4A-11D0-8D11-00A0C91BC942}") = "stdobj2", "..\..\dev\RightHemisphere\DE40\DEPlugins\Plugins\stdobj2\stdobj2.vcproj", "{04AAB079-917F-419E-9482-4EAA67186F7B}"
	ProjectSection(ProjectDependencies) = postProject
		{B46CEB4F-07C7-4F18-9364-FA1B99247564} = {B46CEB4F-07C7-4F18-9364-FA1B99247564}
	EndProjectSection
EndProject
Project("{8BC9CEB8-8B4A-11D0-8D11-00A0C91BC942}") = "u3drhmesh", "..\..\dev\RightHemisphere\DE40\DEPlugins\Plugins\u3drhmesh\u3drhmesh.vcproj", "{5BEA2341-3271-44CC-938E-D6112825E401}"
EndProject
Project("{8BC9CEB8-8B4A-11D0-8D11-00A0C91BC942}") = "drvOpenGL", "..\..\dev\RightHemisphere\DE40\DEPlugins\Plugins\drvOpenGL\drvOpenGL_v8.vcproj", "{33A295D2-A10B-45FB-AF91-B30C4F7B89FE}"
	ProjectSection(ProjectDependencies) = postProject
		{B46CEB4F-07C7-4F18-9364-FA1B99247564} = {B46CEB4F-07C7-4F18-9364-FA1B99247564}
	EndProjectSection
EndProject
Project("{8BC9CEB8-8B4A-11D0-8D11-00A0C91BC942}") = "driverDX9", "..\..\dev\RightHemisphere\DE40\DEPlugins\Plugins\driverDX9\driverDX9.vcproj", "{E53E2EB5-7D89-4AC9-AEB1-E612CE010E50}"
	ProjectSection(ProjectDependencies) = postProject
		{B46CEB4F-07C7-4F18-9364-FA1B99247564} = {B46CEB4F-07C7-4F18-9364-FA1B99247564}
	EndProjectSection
EndProject
Project("{8BC9CEB8-8B4A-11D0-8D11-00A0C91BC942}") = "NamedAttributes", "..\..\dev\RightHemisphere\DE40\DEPlugins\Plugins\NamedAttributes\NamedAttributes_v8.vcproj", "{FFE4EA48-B144-4B2E-A4BA-B34C8FBBCBAC}"
	ProjectSection(ProjectDependencies) = postProject
		{B46CEB4F-07C7-4F18-9364-FA1B99247564} = {B46CEB4F-07C7-4F18-9364-FA1B99247564}
	EndProjectSection
EndProject
Project("{2150E333-8FDC-42A3-9474-1A3956D46DE8}") = "x3d plugins", "x3d plugins", "{82720F02-54F9-40D8-BEA5-83B879775CC4}"
EndProject
Project("{2150E333-8FDC-42A3-9474-1A3956D46DE8}") = "Graphics drivers", "Graphics drivers", "{814D8110-3112-4AF8-A490-8A49DAFD4A2E}"
EndProject
Project("{2150E333-8FDC-42A3-9474-1A3956D46DE8}") = "File IO", "File IO", "{974B041E-1FC0-406C-9699-BC984301B2A8}"
EndProject
Project("{8BC9CEB8-8B4A-11D0-8D11-00A0C91BC942}") = "IA3DServer", "..\..\dev\A3DServer\A3DServer\IA3DServer.vcproj", "{0C4B9B74-0F88-4EFC-965A-90301E376F8E}"
EndProject
Global
	GlobalSection(SolutionConfigurationPlatforms) = preSolution
		Debug - Web OCX|Win32 = Debug - Web OCX|Win32
		Debug - Web OCX|x64 = Debug - Web OCX|x64
		Debug|Win32 = Debug|Win32
		Debug|x64 = Debug|x64
		Release - Web OCX|Win32 = Release - Web OCX|Win32
		Release - Web OCX|x64 = Release - Web OCX|x64
		Release|Win32 = Release|Win32
		Release|x64 = Release|x64
		ReleaseAEC|Win32 = ReleaseAEC|Win32
		ReleaseAEC|x64 = ReleaseAEC|x64
	EndGlobalSection
	GlobalSection(ProjectConfigurationPlatforms) = postSolution
		{26440A35-51C0-4469-B5F7-5001077118C1}.Debug - Web OCX|Win32.ActiveCfg = Debug|Win32
		{26440A35-51C0-4469-B5F7-5001077118C1}.Debug - Web OCX|Win32.Build.0 = Debug|Win32
		{26440A35-51C0-4469-B5F7-5001077118C1}.Debug - Web OCX|x64.ActiveCfg = DebugWithFlash|Win32
		{26440A35-51C0-4469-B5F7-5001077118C1}.Debug|Win32.ActiveCfg = Debug|Win32
		{26440A35-51C0-4469-B5F7-5001077118C1}.Debug|Win32.Build.0 = Debug|Win32
		{26440A35-51C0-4469-B5F7-5001077118C1}.Debug|x64.ActiveCfg = Debug|Win32
		{26440A35-51C0-4469-B5F7-5001077118C1}.Release - Web OCX|Win32.ActiveCfg = Release|Win32
		{26440A35-51C0-4469-B5F7-5001077118C1}.Release - Web OCX|Win32.Build.0 = Release|Win32
		{26440A35-51C0-4469-B5F7-5001077118C1}.Release - Web OCX|x64.ActiveCfg = Release|Win32
		{26440A35-51C0-4469-B5F7-5001077118C1}.Release|Win32.ActiveCfg = Release|Win32
		{26440A35-51C0-4469-B5F7-5001077118C1}.Release|Win32.Build.0 = Release|Win32
		{26440A35-51C0-4469-B5F7-5001077118C1}.Release|x64.ActiveCfg = Release|Win32
		{26440A35-51C0-4469-B5F7-5001077118C1}.ReleaseAEC|Win32.ActiveCfg = Release - Photoshop|Win32
		{26440A35-51C0-4469-B5F7-5001077118C1}.ReleaseAEC|Win32.Build.0 = Release - Photoshop|Win32
		{26440A35-51C0-4469-B5F7-5001077118C1}.ReleaseAEC|x64.ActiveCfg = Release - Photoshop|Win32
		{B46CEB4F-07C7-4F18-9364-FA1B99247564}.Debug - Web OCX|Win32.ActiveCfg = DebugA3D|Win32
		{B46CEB4F-07C7-4F18-9364-FA1B99247564}.Debug - Web OCX|Win32.Build.0 = DebugA3D|Win32
		{B46CEB4F-07C7-4F18-9364-FA1B99247564}.Debug - Web OCX|x64.ActiveCfg = DebugA3D|Win32
		{B46CEB4F-07C7-4F18-9364-FA1B99247564}.Debug|Win32.ActiveCfg = DebugA3D|Win32
		{B46CEB4F-07C7-4F18-9364-FA1B99247564}.Debug|Win32.Build.0 = DebugA3D|Win32
		{B46CEB4F-07C7-4F18-9364-FA1B99247564}.Debug|x64.ActiveCfg = Debug|Win32
		{B46CEB4F-07C7-4F18-9364-FA1B99247564}.Release - Web OCX|Win32.ActiveCfg = ReleaseA3D|Win32
		{B46CEB4F-07C7-4F18-9364-FA1B99247564}.Release - Web OCX|Win32.Build.0 = ReleaseA3D|Win32
		{B46CEB4F-07C7-4F18-9364-FA1B99247564}.Release - Web OCX|x64.ActiveCfg = ReleaseA3D|Win32
		{B46CEB4F-07C7-4F18-9364-FA1B99247564}.Release|Win32.ActiveCfg = ReleaseA3D|Win32
		{B46CEB4F-07C7-4F18-9364-FA1B99247564}.Release|Win32.Build.0 = ReleaseA3D|Win32
		{B46CEB4F-07C7-4F18-9364-FA1B99247564}.Release|x64.ActiveCfg = Release|Win32
		{B46CEB4F-07C7-4F18-9364-FA1B99247564}.ReleaseAEC|Win32.ActiveCfg = ReleaseA3D|Win32
		{B46CEB4F-07C7-4F18-9364-FA1B99247564}.ReleaseAEC|Win32.Build.0 = ReleaseA3D|Win32
		{B46CEB4F-07C7-4F18-9364-FA1B99247564}.ReleaseAEC|x64.ActiveCfg = ReleaseA3D|Win32
		{FC69CD96-3C88-4CCC-85A8-B3769B68B59A}.Debug - Web OCX|Win32.ActiveCfg = Debug|Win32
		{FC69CD96-3C88-4CCC-85A8-B3769B68B59A}.Debug - Web OCX|Win32.Build.0 = Debug|Win32
		{FC69CD96-3C88-4CCC-85A8-B3769B68B59A}.Debug - Web OCX|x64.ActiveCfg = Debug|Win32
		{FC69CD96-3C88-4CCC-85A8-B3769B68B59A}.Debug|Win32.ActiveCfg = Debug|Win32
		{FC69CD96-3C88-4CCC-85A8-B3769B68B59A}.Debug|Win32.Build.0 = Debug|Win32
		{FC69CD96-3C88-4CCC-85A8-B3769B68B59A}.Debug|x64.ActiveCfg = Debug|Win32
		{FC69CD96-3C88-4CCC-85A8-B3769B68B59A}.Release - Web OCX|Win32.ActiveCfg = Release|Win32
		{FC69CD96-3C88-4CCC-85A8-B3769B68B59A}.Release - Web OCX|Win32.Build.0 = Release|Win32
		{FC69CD96-3C88-4CCC-85A8-B3769B68B59A}.Release - Web OCX|x64.ActiveCfg = Release|Win32
		{FC69CD96-3C88-4CCC-85A8-B3769B68B59A}.Release|Win32.ActiveCfg = Release|Win32
		{FC69CD96-3C88-4CCC-85A8-B3769B68B59A}.Release|Win32.Build.0 = Release|Win32
		{FC69CD96-3C88-4CCC-85A8-B3769B68B59A}.Release|x64.ActiveCfg = Release|Win32
		{FC69CD96-3C88-4CCC-85A8-B3769B68B59A}.ReleaseAEC|Win32.ActiveCfg = Release|Win32
		{FC69CD96-3C88-4CCC-85A8-B3769B68B59A}.ReleaseAEC|Win32.Build.0 = Release|Win32
		{FC69CD96-3C88-4CCC-85A8-B3769B68B59A}.ReleaseAEC|x64.ActiveCfg = Release|Win32
		{AA8B8075-1D88-4E5E-B0C2-B619B7C8EACC}.Debug - Web OCX|Win32.ActiveCfg = DebugA3D|Win32
		{AA8B8075-1D88-4E5E-B0C2-B619B7C8EACC}.Debug - Web OCX|Win32.Build.0 = DebugA3D|Win32
		{AA8B8075-1D88-4E5E-B0C2-B619B7C8EACC}.Debug - Web OCX|x64.ActiveCfg = DebugA3D|Win32
		{AA8B8075-1D88-4E5E-B0C2-B619B7C8EACC}.Debug|Win32.ActiveCfg = DebugA3D|Win32
		{AA8B8075-1D88-4E5E-B0C2-B619B7C8EACC}.Debug|Win32.Build.0 = DebugA3D|Win32
		{AA8B8075-1D88-4E5E-B0C2-B619B7C8EACC}.Debug|x64.ActiveCfg = Debug|Win32
		{AA8B8075-1D88-4E5E-B0C2-B619B7C8EACC}.Release - Web OCX|Win32.ActiveCfg = ReleaseA3D|Win32
		{AA8B8075-1D88-4E5E-B0C2-B619B7C8EACC}.Release - Web OCX|Win32.Build.0 = ReleaseA3D|Win32
		{AA8B8075-1D88-4E5E-B0C2-B619B7C8EACC}.Release - Web OCX|x64.ActiveCfg = ReleaseA3D|Win32
		{AA8B8075-1D88-4E5E-B0C2-B619B7C8EACC}.Release|Win32.ActiveCfg = ReleaseA3D|Win32
		{AA8B8075-1D88-4E5E-B0C2-B619B7C8EACC}.Release|Win32.Build.0 = ReleaseA3D|Win32
		{AA8B8075-1D88-4E5E-B0C2-B619B7C8EACC}.Release|x64.ActiveCfg = Release|Win32
		{AA8B8075-1D88-4E5E-B0C2-B619B7C8EACC}.ReleaseAEC|Win32.ActiveCfg = ReleaseA3D|Win32
		{AA8B8075-1D88-4E5E-B0C2-B619B7C8EACC}.ReleaseAEC|Win32.Build.0 = ReleaseA3D|Win32
		{AA8B8075-1D88-4E5E-B0C2-B619B7C8EACC}.ReleaseAEC|x64.ActiveCfg = ReleaseA3D|Win32
		{FE976479-1160-4ADA-8065-FAC8B7F271A7}.Debug - Web OCX|Win32.ActiveCfg = DebugA3D|Win32
		{FE976479-1160-4ADA-8065-FAC8B7F271A7}.Debug - Web OCX|Win32.Build.0 = DebugA3D|Win32
		{FE976479-1160-4ADA-8065-FAC8B7F271A7}.Debug - Web OCX|x64.ActiveCfg = DebugA3D|Win32
		{FE976479-1160-4ADA-8065-FAC8B7F271A7}.Debug|Win32.ActiveCfg = DebugA3D|Win32
		{FE976479-1160-4ADA-8065-FAC8B7F271A7}.Debug|Win32.Build.0 = DebugA3D|Win32
		{FE976479-1160-4ADA-8065-FAC8B7F271A7}.Debug|x64.ActiveCfg = Debug|Win32
		{FE976479-1160-4ADA-8065-FAC8B7F271A7}.Release - Web OCX|Win32.ActiveCfg = ReleaseA3D|Win32
		{FE976479-1160-4ADA-8065-FAC8B7F271A7}.Release - Web OCX|Win32.Build.0 = ReleaseA3D|Win32
		{FE976479-1160-4ADA-8065-FAC8B7F271A7}.Release - Web OCX|x64.ActiveCfg = ReleaseA3D|Win32
		{FE976479-1160-4ADA-8065-FAC8B7F271A7}.Release|Win32.ActiveCfg = ReleaseA3D|Win32
		{FE976479-1160-4ADA-8065-FAC8B7F271A7}.Release|Win32.Build.0 = ReleaseA3D|Win32
		{FE976479-1160-4ADA-8065-FAC8B7F271A7}.Release|x64.ActiveCfg = Release|Win32
		{FE976479-1160-4ADA-8065-FAC8B7F271A7}.ReleaseAEC|Win32.ActiveCfg = ReleaseA3D|Win32
		{FE976479-1160-4ADA-8065-FAC8B7F271A7}.ReleaseAEC|Win32.Build.0 = ReleaseA3D|Win32
		{FE976479-1160-4ADA-8065-FAC8B7F271A7}.ReleaseAEC|x64.ActiveCfg = ReleaseA3D|Win32
		{9BBD1339-E693-4238-B9BB-A58FA6D7CCC2}.Debug - Web OCX|Win32.ActiveCfg = DebugA3D|Win32
		{9BBD1339-E693-4238-B9BB-A58FA6D7CCC2}.Debug - Web OCX|Win32.Build.0 = DebugA3D|Win32
		{9BBD1339-E693-4238-B9BB-A58FA6D7CCC2}.Debug - Web OCX|x64.ActiveCfg = DebugA3D|Win32
		{9BBD1339-E693-4238-B9BB-A58FA6D7CCC2}.Debug|Win32.ActiveCfg = DebugA3D|Win32
		{9BBD1339-E693-4238-B9BB-A58FA6D7CCC2}.Debug|Win32.Build.0 = DebugA3D|Win32
		{9BBD1339-E693-4238-B9BB-A58FA6D7CCC2}.Debug|x64.ActiveCfg = Debug|Win32
		{9BBD1339-E693-4238-B9BB-A58FA6D7CCC2}.Release - Web OCX|Win32.ActiveCfg = ReleaseA3D|Win32
		{9BBD1339-E693-4238-B9BB-A58FA6D7CCC2}.Release - Web OCX|Win32.Build.0 = ReleaseA3D|Win32
		{9BBD1339-E693-4238-B9BB-A58FA6D7CCC2}.Release - Web OCX|x64.ActiveCfg = ReleaseA3D|Win32
		{9BBD1339-E693-4238-B9BB-A58FA6D7CCC2}.Release|Win32.ActiveCfg = ReleaseA3D|Win32
		{9BBD1339-E693-4238-B9BB-A58FA6D7CCC2}.Release|Win32.Build.0 = ReleaseA3D|Win32
		{9BBD1339-E693-4238-B9BB-A58FA6D7CCC2}.Release|x64.ActiveCfg = Release|Win32
		{9BBD1339-E693-4238-B9BB-A58FA6D7CCC2}.ReleaseAEC|Win32.ActiveCfg = ReleaseA3D|Win32
		{9BBD1339-E693-4238-B9BB-A58FA6D7CCC2}.ReleaseAEC|Win32.Build.0 = ReleaseA3D|Win32
		{9BBD1339-E693-4238-B9BB-A58FA6D7CCC2}.ReleaseAEC|x64.ActiveCfg = ReleaseA3D|Win32
		{0D0119CA-F56C-422B-926E-291CB50EDAE6}.Debug - Web OCX|Win32.ActiveCfg = DebugA3D|Win32
		{0D0119CA-F56C-422B-926E-291CB50EDAE6}.Debug - Web OCX|Win32.Build.0 = DebugA3D|Win32
		{0D0119CA-F56C-422B-926E-291CB50EDAE6}.Debug - Web OCX|x64.ActiveCfg = Debug - Photoshop|Win32
		{0D0119CA-F56C-422B-926E-291CB50EDAE6}.Debug|Win32.ActiveCfg = DebugA3D|Win32
		{0D0119CA-F56C-422B-926E-291CB50EDAE6}.Debug|Win32.Build.0 = DebugA3D|Win32
		{0D0119CA-F56C-422B-926E-291CB50EDAE6}.Debug|x64.ActiveCfg = Debug|Win32
		{0D0119CA-F56C-422B-926E-291CB50EDAE6}.Release - Web OCX|Win32.ActiveCfg = ReleaseA3D|Win32
		{0D0119CA-F56C-422B-926E-291CB50EDAE6}.Release - Web OCX|Win32.Build.0 = ReleaseA3D|Win32
		{0D0119CA-F56C-422B-926E-291CB50EDAE6}.Release - Web OCX|x64.ActiveCfg = ReleaseA3D|Win32
		{0D0119CA-F56C-422B-926E-291CB50EDAE6}.Release|Win32.ActiveCfg = ReleaseA3D|Win32
		{0D0119CA-F56C-422B-926E-291CB50EDAE6}.Release|Win32.Build.0 = ReleaseA3D|Win32
		{0D0119CA-F56C-422B-926E-291CB50EDAE6}.Release|x64.ActiveCfg = Release|Win32
		{0D0119CA-F56C-422B-926E-291CB50EDAE6}.ReleaseAEC|Win32.ActiveCfg = ReleaseA3D|Win32
		{0D0119CA-F56C-422B-926E-291CB50EDAE6}.ReleaseAEC|Win32.Build.0 = ReleaseA3D|Win32
		{0D0119CA-F56C-422B-926E-291CB50EDAE6}.ReleaseAEC|x64.ActiveCfg = ReleaseA3D|Win32
		{A7F0BAE7-671C-497A-95D9-72242F033F03}.Debug - Web OCX|Win32.ActiveCfg = DebugA3D|Win32
		{A7F0BAE7-671C-497A-95D9-72242F033F03}.Debug - Web OCX|Win32.Build.0 = DebugA3D|Win32
		{A7F0BAE7-671C-497A-95D9-72242F033F03}.Debug - Web OCX|x64.ActiveCfg = DebugA3D|Win32
		{A7F0BAE7-671C-497A-95D9-72242F033F03}.Debug|Win32.ActiveCfg = DebugA3D|Win32
		{A7F0BAE7-671C-497A-95D9-72242F033F03}.Debug|Win32.Build.0 = DebugA3D|Win32
		{A7F0BAE7-671C-497A-95D9-72242F033F03}.Debug|x64.ActiveCfg = Debug|Win32
		{A7F0BAE7-671C-497A-95D9-72242F033F03}.Release - Web OCX|Win32.ActiveCfg = ReleaseA3D|Win32
		{A7F0BAE7-671C-497A-95D9-72242F033F03}.Release - Web OCX|Win32.Build.0 = ReleaseA3D|Win32
		{A7F0BAE7-671C-497A-95D9-72242F033F03}.Release - Web OCX|x64.ActiveCfg = ReleaseA3D|Win32
		{A7F0BAE7-671C-497A-95D9-72242F033F03}.Release|Win32.ActiveCfg = ReleaseA3D|Win32
		{A7F0BAE7-671C-497A-95D9-72242F033F03}.Release|Win32.Build.0 = ReleaseA3D|Win32
		{A7F0BAE7-671C-497A-95D9-72242F033F03}.Release|x64.ActiveCfg = Release|Win32
		{A7F0BAE7-671C-497A-95D9-72242F033F03}.ReleaseAEC|Win32.ActiveCfg = ReleaseA3D|Win32
		{A7F0BAE7-671C-497A-95D9-72242F033F03}.ReleaseAEC|Win32.Build.0 = ReleaseA3D|Win32
		{A7F0BAE7-671C-497A-95D9-72242F033F03}.ReleaseAEC|x64.ActiveCfg = ReleaseA3D|Win32
		{4B2AF167-3120-4ED8-9188-8A0DBE2ABE20}.Debug - Web OCX|Win32.ActiveCfg = Debug|Win32
		{4B2AF167-3120-4ED8-9188-8A0DBE2ABE20}.Debug - Web OCX|Win32.Build.0 = Debug|Win32
		{4B2AF167-3120-4ED8-9188-8A0DBE2ABE20}.Debug - Web OCX|x64.ActiveCfg = Debug|Win32
		{4B2AF167-3120-4ED8-9188-8A0DBE2ABE20}.Debug|Win32.ActiveCfg = Debug|Win32
		{4B2AF167-3120-4ED8-9188-8A0DBE2ABE20}.Debug|Win32.Build.0 = Debug|Win32
		{4B2AF167-3120-4ED8-9188-8A0DBE2ABE20}.Debug|x64.ActiveCfg = Debug|Win32
		{4B2AF167-3120-4ED8-9188-8A0DBE2ABE20}.Release - Web OCX|Win32.ActiveCfg = Release|Win32
		{4B2AF167-3120-4ED8-9188-8A0DBE2ABE20}.Release - Web OCX|Win32.Build.0 = Release|Win32
		{4B2AF167-3120-4ED8-9188-8A0DBE2ABE20}.Release - Web OCX|x64.ActiveCfg = Release|Win32
		{4B2AF167-3120-4ED8-9188-8A0DBE2ABE20}.Release|Win32.ActiveCfg = Release|Win32
		{4B2AF167-3120-4ED8-9188-8A0DBE2ABE20}.Release|Win32.Build.0 = Release|Win32
		{4B2AF167-3120-4ED8-9188-8A0DBE2ABE20}.Release|x64.ActiveCfg = Release|Win32
		{4B2AF167-3120-4ED8-9188-8A0DBE2ABE20}.ReleaseAEC|Win32.ActiveCfg = Release|Win32
		{4B2AF167-3120-4ED8-9188-8A0DBE2ABE20}.ReleaseAEC|Win32.Build.0 = Release|Win32
		{4B2AF167-3120-4ED8-9188-8A0DBE2ABE20}.ReleaseAEC|x64.ActiveCfg = Release|Win32
		{49905821-ED90-43EB-AB37-C433D0116D55}.Debug - Web OCX|Win32.ActiveCfg = DebugA3D|Win32
		{49905821-ED90-43EB-AB37-C433D0116D55}.Debug - Web OCX|Win32.Build.0 = DebugA3D|Win32
		{49905821-ED90-43EB-AB37-C433D0116D55}.Debug - Web OCX|x64.ActiveCfg = DebugA3D|Win32
		{49905821-ED90-43EB-AB37-C433D0116D55}.Debug|Win32.ActiveCfg = DebugA3D|Win32
		{49905821-ED90-43EB-AB37-C433D0116D55}.Debug|Win32.Build.0 = DebugA3D|Win32
		{49905821-ED90-43EB-AB37-C433D0116D55}.Debug|x64.ActiveCfg = Debug|Win32
		{49905821-ED90-43EB-AB37-C433D0116D55}.Release - Web OCX|Win32.ActiveCfg = ReleaseA3D|Win32
		{49905821-ED90-43EB-AB37-C433D0116D55}.Release - Web OCX|Win32.Build.0 = ReleaseA3D|Win32
		{49905821-ED90-43EB-AB37-C433D0116D55}.Release - Web OCX|x64.ActiveCfg = ReleaseA3D|Win32
		{49905821-ED90-43EB-AB37-C433D0116D55}.Release|Win32.ActiveCfg = ReleaseA3D|Win32
		{49905821-ED90-43EB-AB37-C433D0116D55}.Release|Win32.Build.0 = ReleaseA3D|Win32
		{49905821-ED90-43EB-AB37-C433D0116D55}.Release|x64.ActiveCfg = Release|Win32
		{49905821-ED90-43EB-AB37-C433D0116D55}.ReleaseAEC|Win32.ActiveCfg = ReleaseA3D|Win32
		{49905821-ED90-43EB-AB37-C433D0116D55}.ReleaseAEC|Win32.Build.0 = ReleaseA3D|Win32
		{49905821-ED90-43EB-AB37-C433D0116D55}.ReleaseAEC|x64.ActiveCfg = ReleaseA3D|Win32
		{288E5572-70BE-48A0-86A7-EDBA2AADA30E}.Debug - Web OCX|Win32.ActiveCfg = DebugA3D|Win32
		{288E5572-70BE-48A0-86A7-EDBA2AADA30E}.Debug - Web OCX|x64.ActiveCfg = DebugA3D|Win32
		{288E5572-70BE-48A0-86A7-EDBA2AADA30E}.Debug|Win32.ActiveCfg = DebugA3D|Win32
		{288E5572-70BE-48A0-86A7-EDBA2AADA30E}.Debug|x64.ActiveCfg = Debug|Win32
		{288E5572-70BE-48A0-86A7-EDBA2AADA30E}.Release - Web OCX|Win32.ActiveCfg = ReleaseA3D|Win32
		{288E5572-70BE-48A0-86A7-EDBA2AADA30E}.Release - Web OCX|x64.ActiveCfg = ReleaseA3D|Win32
		{288E5572-70BE-48A0-86A7-EDBA2AADA30E}.Release|Win32.ActiveCfg = ReleaseA3D|Win32
		{288E5572-70BE-48A0-86A7-EDBA2AADA30E}.Release|x64.ActiveCfg = Release|Win32
		{288E5572-70BE-48A0-86A7-EDBA2AADA30E}.ReleaseAEC|Win32.ActiveCfg = ReleaseA3D|Win32
		{288E5572-70BE-48A0-86A7-EDBA2AADA30E}.ReleaseAEC|Win32.Build.0 = ReleaseA3D|Win32
		{288E5572-70BE-48A0-86A7-EDBA2AADA30E}.ReleaseAEC|x64.ActiveCfg = ReleaseA3D|Win32
		{7755F74F-F82E-4EC9-AD90-F0BED9088F78}.Debug - Web OCX|Win32.ActiveCfg = DebugA3D|Win32
		{7755F74F-F82E-4EC9-AD90-F0BED9088F78}.Debug - Web OCX|x64.ActiveCfg = DebugA3D|Win32
		{7755F74F-F82E-4EC9-AD90-F0BED9088F78}.Debug|Win32.ActiveCfg = DebugA3D|Win32
		{7755F74F-F82E-4EC9-AD90-F0BED9088F78}.Debug|x64.ActiveCfg = Debug|Win32
		{7755F74F-F82E-4EC9-AD90-F0BED9088F78}.Release - Web OCX|Win32.ActiveCfg = ReleaseA3D|Win32
		{7755F74F-F82E-4EC9-AD90-F0BED9088F78}.Release - Web OCX|x64.ActiveCfg = ReleaseA3D|Win32
		{7755F74F-F82E-4EC9-AD90-F0BED9088F78}.Release|Win32.ActiveCfg = ReleaseA3D|Win32
		{7755F74F-F82E-4EC9-AD90-F0BED9088F78}.Release|x64.ActiveCfg = Release|Win32
		{7755F74F-F82E-4EC9-AD90-F0BED9088F78}.ReleaseAEC|Win32.ActiveCfg = ReleaseA3D|Win32
		{7755F74F-F82E-4EC9-AD90-F0BED9088F78}.ReleaseAEC|Win32.Build.0 = ReleaseA3D|Win32
		{7755F74F-F82E-4EC9-AD90-F0BED9088F78}.ReleaseAEC|x64.ActiveCfg = ReleaseA3D|Win32
		{E7243F96-070F-4A03-A134-2239972DB661}.Debug - Web OCX|Win32.ActiveCfg = DebugA3D|Win32
		{E7243F96-070F-4A03-A134-2239972DB661}.Debug - Web OCX|x64.ActiveCfg = DebugA3D|Win32
		{E7243F96-070F-4A03-A134-2239972DB661}.Debug|Win32.ActiveCfg = DebugA3D|Win32
		{E7243F96-070F-4A03-A134-2239972DB661}.Debug|x64.ActiveCfg = Debug|Win32
		{E7243F96-070F-4A03-A134-2239972DB661}.Release - Web OCX|Win32.ActiveCfg = ReleaseA3D|Win32
		{E7243F96-070F-4A03-A134-2239972DB661}.Release - Web OCX|x64.ActiveCfg = ReleaseA3D|Win32
		{E7243F96-070F-4A03-A134-2239972DB661}.Release|Win32.ActiveCfg = ReleaseA3D|Win32
		{E7243F96-070F-4A03-A134-2239972DB661}.Release|x64.ActiveCfg = Release|Win32
		{E7243F96-070F-4A03-A134-2239972DB661}.ReleaseAEC|Win32.ActiveCfg = ReleaseA3D|Win32
		{E7243F96-070F-4A03-A134-2239972DB661}.ReleaseAEC|Win32.Build.0 = ReleaseA3D|Win32
		{E7243F96-070F-4A03-A134-2239972DB661}.ReleaseAEC|x64.ActiveCfg = ReleaseA3D|Win32
		{99019EDF-FBB3-49DB-B772-2B77B80FFE74}.Debug - Web OCX|Win32.ActiveCfg = DebugA3D|Win32
		{99019EDF-FBB3-49DB-B772-2B77B80FFE74}.Debug - Web OCX|x64.ActiveCfg = DebugA3D|Win32
		{99019EDF-FBB3-49DB-B772-2B77B80FFE74}.Debug|Win32.ActiveCfg = DebugA3D|Win32
		{99019EDF-FBB3-49DB-B772-2B77B80FFE74}.Debug|x64.ActiveCfg = Debug|Win32
		{99019EDF-FBB3-49DB-B772-2B77B80FFE74}.Release - Web OCX|Win32.ActiveCfg = ReleaseA3D|Win32
		{99019EDF-FBB3-49DB-B772-2B77B80FFE74}.Release - Web OCX|x64.ActiveCfg = ReleaseA3D|Win32
		{99019EDF-FBB3-49DB-B772-2B77B80FFE74}.Release|Win32.ActiveCfg = ReleaseA3D|Win32
		{99019EDF-FBB3-49DB-B772-2B77B80FFE74}.Release|x64.ActiveCfg = Release|Win32
		{99019EDF-FBB3-49DB-B772-2B77B80FFE74}.ReleaseAEC|Win32.ActiveCfg = ReleaseA3D|Win32
		{99019EDF-FBB3-49DB-B772-2B77B80FFE74}.ReleaseAEC|Win32.Build.0 = ReleaseA3D|Win32
		{99019EDF-FBB3-49DB-B772-2B77B80FFE74}.ReleaseAEC|x64.ActiveCfg = ReleaseA3D|Win32
		{3EF13430-BBF5-415F-BE98-BE6EFD6CFEFD}.Debug - Web OCX|Win32.ActiveCfg = DebugA3D|Win32
		{3EF13430-BBF5-415F-BE98-BE6EFD6CFEFD}.Debug - Web OCX|x64.ActiveCfg = DebugA3D|Win32
		{3EF13430-BBF5-415F-BE98-BE6EFD6CFEFD}.Debug|Win32.ActiveCfg = DebugA3D|Win32
		{3EF13430-BBF5-415F-BE98-BE6EFD6CFEFD}.Debug|Win32.Build.0 = DebugA3D|Win32
		{3EF13430-BBF5-415F-BE98-BE6EFD6CFEFD}.Debug|x64.ActiveCfg = Debug|Win32
		{3EF13430-BBF5-415F-BE98-BE6EFD6CFEFD}.Release - Web OCX|Win32.ActiveCfg = ReleaseA3D|Win32
		{3EF13430-BBF5-415F-BE98-BE6EFD6CFEFD}.Release - Web OCX|x64.ActiveCfg = ReleaseA3D|Win32
		{3EF13430-BBF5-415F-BE98-BE6EFD6CFEFD}.Release|Win32.ActiveCfg = ReleaseA3D|Win32
		{3EF13430-BBF5-415F-BE98-BE6EFD6CFEFD}.Release|Win32.Build.0 = ReleaseA3D|Win32
		{3EF13430-BBF5-415F-BE98-BE6EFD6CFEFD}.Release|x64.ActiveCfg = Release|Win32
		{3EF13430-BBF5-415F-BE98-BE6EFD6CFEFD}.ReleaseAEC|Win32.ActiveCfg = ReleaseA3D|Win32
		{3EF13430-BBF5-415F-BE98-BE6EFD6CFEFD}.ReleaseAEC|Win32.Build.0 = ReleaseA3D|Win32
		{3EF13430-BBF5-415F-BE98-BE6EFD6CFEFD}.ReleaseAEC|x64.ActiveCfg = ReleaseA3D|Win32
		{9A696F69-B639-4886-ABE1-262A8ED505FC}.Debug - Web OCX|Win32.ActiveCfg = DebugA3D|Win32
		{9A696F69-B639-4886-ABE1-262A8ED505FC}.Debug - Web OCX|Win32.Build.0 = DebugA3D|Win32
		{9A696F69-B639-4886-ABE1-262A8ED505FC}.Debug - Web OCX|x64.ActiveCfg = DebugA3D|Win32
		{9A696F69-B639-4886-ABE1-262A8ED505FC}.Debug|Win32.ActiveCfg = DebugA3D|Win32
		{9A696F69-B639-4886-ABE1-262A8ED505FC}.Debug|Win32.Build.0 = DebugA3D|Win32
		{9A696F69-B639-4886-ABE1-262A8ED505FC}.Debug|x64.ActiveCfg = Debug|Win32
		{9A696F69-B639-4886-ABE1-262A8ED505FC}.Release - Web OCX|Win32.ActiveCfg = ReleaseA3D|Win32
		{9A696F69-B639-4886-ABE1-262A8ED505FC}.Release - Web OCX|Win32.Build.0 = ReleaseA3D|Win32
		{9A696F69-B639-4886-ABE1-262A8ED505FC}.Release - Web OCX|x64.ActiveCfg = ReleaseA3D|Win32
		{9A696F69-B639-4886-ABE1-262A8ED505FC}.Release|Win32.ActiveCfg = ReleaseA3D|Win32
		{9A696F69-B639-4886-ABE1-262A8ED505FC}.Release|Win32.Build.0 = ReleaseA3D|Win32
		{9A696F69-B639-4886-ABE1-262A8ED505FC}.Release|x64.ActiveCfg = Release|Win32
		{9A696F69-B639-4886-ABE1-262A8ED505FC}.ReleaseAEC|Win32.ActiveCfg = ReleaseA3D|Win32
		{9A696F69-B639-4886-ABE1-262A8ED505FC}.ReleaseAEC|Win32.Build.0 = ReleaseA3D|Win32
		{9A696F69-B639-4886-ABE1-262A8ED505FC}.ReleaseAEC|x64.ActiveCfg = ReleaseA3D|Win32
		{CA8B128C-2B71-45A2-B459-E80317A96C1A}.Debug - Web OCX|Win32.ActiveCfg = DebugA3D|Win32
		{CA8B128C-2B71-45A2-B459-E80317A96C1A}.Debug - Web OCX|x64.ActiveCfg = DebugA3D|Win32
		{CA8B128C-2B71-45A2-B459-E80317A96C1A}.Debug|Win32.ActiveCfg = DebugA3D|Win32
		{CA8B128C-2B71-45A2-B459-E80317A96C1A}.Debug|Win32.Build.0 = DebugA3D|Win32
		{CA8B128C-2B71-45A2-B459-E80317A96C1A}.Debug|x64.ActiveCfg = Debug|Win32
		{CA8B128C-2B71-45A2-B459-E80317A96C1A}.Release - Web OCX|Win32.ActiveCfg = ReleaseA3D|Win32
		{CA8B128C-2B71-45A2-B459-E80317A96C1A}.Release - Web OCX|x64.ActiveCfg = ReleaseA3D|Win32
		{CA8B128C-2B71-45A2-B459-E80317A96C1A}.Release|Win32.ActiveCfg = ReleaseA3D|Win32
		{CA8B128C-2B71-45A2-B459-E80317A96C1A}.Release|Win32.Build.0 = ReleaseA3D|Win32
		{CA8B128C-2B71-45A2-B459-E80317A96C1A}.Release|x64.ActiveCfg = Release|Win32
		{CA8B128C-2B71-45A2-B459-E80317A96C1A}.ReleaseAEC|Win32.ActiveCfg = ReleaseA3D|Win32
		{CA8B128C-2B71-45A2-B459-E80317A96C1A}.ReleaseAEC|Win32.Build.0 = ReleaseA3D|Win32
		{CA8B128C-2B71-45A2-B459-E80317A96C1A}.ReleaseAEC|x64.ActiveCfg = ReleaseA3D|Win32
		{2AF195EC-68A7-4EE6-85F8-2D77C14447B8}.Debug - Web OCX|Win32.ActiveCfg = DebugA3D|Win32
		{2AF195EC-68A7-4EE6-85F8-2D77C14447B8}.Debug - Web OCX|x64.ActiveCfg = DebugA3D|Win32
		{2AF195EC-68A7-4EE6-85F8-2D77C14447B8}.Debug|Win32.ActiveCfg = DebugA3D|Win32
		{2AF195EC-68A7-4EE6-85F8-2D77C14447B8}.Debug|x64.ActiveCfg = Debug|Win32
		{2AF195EC-68A7-4EE6-85F8-2D77C14447B8}.Release - Web OCX|Win32.ActiveCfg = ReleaseA3D|Win32
		{2AF195EC-68A7-4EE6-85F8-2D77C14447B8}.Release - Web OCX|x64.ActiveCfg = ReleaseA3D|Win32
		{2AF195EC-68A7-4EE6-85F8-2D77C14447B8}.Release|Win32.ActiveCfg = ReleaseA3D|Win32
		{2AF195EC-68A7-4EE6-85F8-2D77C14447B8}.Release|x64.ActiveCfg = Release|Win32
		{2AF195EC-68A7-4EE6-85F8-2D77C14447B8}.ReleaseAEC|Win32.ActiveCfg = ReleaseA3D|Win32
		{2AF195EC-68A7-4EE6-85F8-2D77C14447B8}.ReleaseAEC|Win32.Build.0 = ReleaseA3D|Win32
		{2AF195EC-68A7-4EE6-85F8-2D77C14447B8}.ReleaseAEC|x64.ActiveCfg = ReleaseA3D|Win32
		{B8FA0EC6-5C62-4A81-A515-1267DD8C1107}.Debug - Web OCX|Win32.ActiveCfg = DebugA3D|Win32
		{B8FA0EC6-5C62-4A81-A515-1267DD8C1107}.Debug - Web OCX|x64.ActiveCfg = DebugA3D|Win32
		{B8FA0EC6-5C62-4A81-A515-1267DD8C1107}.Debug|Win32.ActiveCfg = DebugA3D|Win32
		{B8FA0EC6-5C62-4A81-A515-1267DD8C1107}.Debug|x64.ActiveCfg = Debug|Win32
		{B8FA0EC6-5C62-4A81-A515-1267DD8C1107}.Release - Web OCX|Win32.ActiveCfg = ReleaseA3D|Win32
		{B8FA0EC6-5C62-4A81-A515-1267DD8C1107}.Release - Web OCX|x64.ActiveCfg = ReleaseA3D|Win32
		{B8FA0EC6-5C62-4A81-A515-1267DD8C1107}.Release|Win32.ActiveCfg = ReleaseA3D|Win32
		{B8FA0EC6-5C62-4A81-A515-1267DD8C1107}.Release|x64.ActiveCfg = Release|Win32
		{B8FA0EC6-5C62-4A81-A515-1267DD8C1107}.ReleaseAEC|Win32.ActiveCfg = ReleaseA3D|Win32
		{B8FA0EC6-5C62-4A81-A515-1267DD8C1107}.ReleaseAEC|Win32.Build.0 = ReleaseA3D|Win32
		{B8FA0EC6-5C62-4A81-A515-1267DD8C1107}.ReleaseAEC|x64.ActiveCfg = ReleaseA3D|Win32
		{0CFE6DEF-6335-4EAB-A000-E18EDCA64B0F}.Debug - Web OCX|Win32.ActiveCfg = DebugA3D|Win32
		{0CFE6DEF-6335-4EAB-A000-E18EDCA64B0F}.Debug - Web OCX|x64.ActiveCfg = DebugA3D|Win32
		{0CFE6DEF-6335-4EAB-A000-E18EDCA64B0F}.Debug|Win32.ActiveCfg = DebugA3D|Win32
		{0CFE6DEF-6335-4EAB-A000-E18EDCA64B0F}.Debug|x64.ActiveCfg = Debug|Win32
		{0CFE6DEF-6335-4EAB-A000-E18EDCA64B0F}.Release - Web OCX|Win32.ActiveCfg = ReleaseA3D|Win32
		{0CFE6DEF-6335-4EAB-A000-E18EDCA64B0F}.Release - Web OCX|x64.ActiveCfg = ReleaseA3D|Win32
		{0CFE6DEF-6335-4EAB-A000-E18EDCA64B0F}.Release|Win32.ActiveCfg = ReleaseA3D|Win32
		{0CFE6DEF-6335-4EAB-A000-E18EDCA64B0F}.Release|x64.ActiveCfg = Release|Win32
		{0CFE6DEF-6335-4EAB-A000-E18EDCA64B0F}.ReleaseAEC|Win32.ActiveCfg = ReleaseA3D|Win32
		{0CFE6DEF-6335-4EAB-A000-E18EDCA64B0F}.ReleaseAEC|Win32.Build.0 = ReleaseA3D|Win32
		{0CFE6DEF-6335-4EAB-A000-E18EDCA64B0F}.ReleaseAEC|x64.ActiveCfg = ReleaseA3D|Win32
		{D503CF3F-CDDF-4244-8170-257C31254132}.Debug - Web OCX|Win32.ActiveCfg = DebugA3D|Win32
		{D503CF3F-CDDF-4244-8170-257C31254132}.Debug - Web OCX|x64.ActiveCfg = DebugA3D|Win32
		{D503CF3F-CDDF-4244-8170-257C31254132}.Debug|Win32.ActiveCfg = DebugA3D|Win32
		{D503CF3F-CDDF-4244-8170-257C31254132}.Debug|x64.ActiveCfg = Debug|Win32
		{D503CF3F-CDDF-4244-8170-257C31254132}.Release - Web OCX|Win32.ActiveCfg = ReleaseA3D|Win32
		{D503CF3F-CDDF-4244-8170-257C31254132}.Release - Web OCX|x64.ActiveCfg = ReleaseA3D|Win32
		{D503CF3F-CDDF-4244-8170-257C31254132}.Release|Win32.ActiveCfg = ReleaseA3D|Win32
		{D503CF3F-CDDF-4244-8170-257C31254132}.Release|x64.ActiveCfg = Release|Win32
		{D503CF3F-CDDF-4244-8170-257C31254132}.ReleaseAEC|Win32.ActiveCfg = ReleaseA3D|Win32
		{D503CF3F-CDDF-4244-8170-257C31254132}.ReleaseAEC|Win32.Build.0 = ReleaseA3D|Win32
		{D503CF3F-CDDF-4244-8170-257C31254132}.ReleaseAEC|x64.ActiveCfg = ReleaseA3D|Win32
		{CFCFCDD6-439B-4A0F-A9B7-921CA18122B0}.Debug - Web OCX|Win32.ActiveCfg = DebugA3D|Win32
		{CFCFCDD6-439B-4A0F-A9B7-921CA18122B0}.Debug - Web OCX|x64.ActiveCfg = DebugA3D|Win32
		{CFCFCDD6-439B-4A0F-A9B7-921CA18122B0}.Debug|Win32.ActiveCfg = DebugA3D|Win32
		{CFCFCDD6-439B-4A0F-A9B7-921CA18122B0}.Debug|x64.ActiveCfg = Debug|Win32
		{CFCFCDD6-439B-4A0F-A9B7-921CA18122B0}.Release - Web OCX|Win32.ActiveCfg = ReleaseA3D|Win32
		{CFCFCDD6-439B-4A0F-A9B7-921CA18122B0}.Release - Web OCX|x64.ActiveCfg = ReleaseA3D|Win32
		{CFCFCDD6-439B-4A0F-A9B7-921CA18122B0}.Release|Win32.ActiveCfg = ReleaseA3D|Win32
		{CFCFCDD6-439B-4A0F-A9B7-921CA18122B0}.Release|x64.ActiveCfg = Release|Win32
		{CFCFCDD6-439B-4A0F-A9B7-921CA18122B0}.ReleaseAEC|Win32.ActiveCfg = ReleaseA3D|Win32
		{CFCFCDD6-439B-4A0F-A9B7-921CA18122B0}.ReleaseAEC|Win32.Build.0 = ReleaseA3D|Win32
		{CFCFCDD6-439B-4A0F-A9B7-921CA18122B0}.ReleaseAEC|x64.ActiveCfg = ReleaseA3D|Win32
		{3F7E0E63-FE02-4652-963E-F816D8A76396}.Debug - Web OCX|Win32.ActiveCfg = DebugA3D|Win32
		{3F7E0E63-FE02-4652-963E-F816D8A76396}.Debug - Web OCX|x64.ActiveCfg = DebugA3D|Win32
		{3F7E0E63-FE02-4652-963E-F816D8A76396}.Debug|Win32.ActiveCfg = DebugA3D|Win32
		{3F7E0E63-FE02-4652-963E-F816D8A76396}.Debug|x64.ActiveCfg = Debug|Win32
		{3F7E0E63-FE02-4652-963E-F816D8A76396}.Release - Web OCX|Win32.ActiveCfg = ReleaseA3D|Win32
		{3F7E0E63-FE02-4652-963E-F816D8A76396}.Release - Web OCX|x64.ActiveCfg = ReleaseA3D|Win32
		{3F7E0E63-FE02-4652-963E-F816D8A76396}.Release|Win32.ActiveCfg = ReleaseA3D|Win32
		{3F7E0E63-FE02-4652-963E-F816D8A76396}.Release|x64.ActiveCfg = Release|Win32
		{3F7E0E63-FE02-4652-963E-F816D8A76396}.ReleaseAEC|Win32.ActiveCfg = ReleaseA3D|Win32
		{3F7E0E63-FE02-4652-963E-F816D8A76396}.ReleaseAEC|Win32.Build.0 = ReleaseA3D|Win32
		{3F7E0E63-FE02-4652-963E-F816D8A76396}.ReleaseAEC|x64.ActiveCfg = ReleaseA3D|Win32
		{0D9FCC96-D3E6-4224-ABDD-2C8EDAF5ACF6}.Debug - Web OCX|Win32.ActiveCfg = DebugA3D|Win32
		{0D9FCC96-D3E6-4224-ABDD-2C8EDAF5ACF6}.Debug - Web OCX|x64.ActiveCfg = DebugA3D|Win32
		{0D9FCC96-D3E6-4224-ABDD-2C8EDAF5ACF6}.Debug|Win32.ActiveCfg = DebugA3D|Win32
		{0D9FCC96-D3E6-4224-ABDD-2C8EDAF5ACF6}.Debug|x64.ActiveCfg = Debug|Win32
		{0D9FCC96-D3E6-4224-ABDD-2C8EDAF5ACF6}.Release - Web OCX|Win32.ActiveCfg = ReleaseA3D|Win32
		{0D9FCC96-D3E6-4224-ABDD-2C8EDAF5ACF6}.Release - Web OCX|x64.ActiveCfg = ReleaseA3D|Win32
		{0D9FCC96-D3E6-4224-ABDD-2C8EDAF5ACF6}.Release|Win32.ActiveCfg = ReleaseA3D|Win32
		{0D9FCC96-D3E6-4224-ABDD-2C8EDAF5ACF6}.Release|x64.ActiveCfg = Release|Win32
		{0D9FCC96-D3E6-4224-ABDD-2C8EDAF5ACF6}.ReleaseAEC|Win32.ActiveCfg = ReleaseA3D|Win32
		{0D9FCC96-D3E6-4224-ABDD-2C8EDAF5ACF6}.ReleaseAEC|Win32.Build.0 = ReleaseA3D|Win32
		{0D9FCC96-D3E6-4224-ABDD-2C8EDAF5ACF6}.ReleaseAEC|x64.ActiveCfg = ReleaseA3D|Win32
		{FAD778E3-7855-40F5-AA49-932BB0729DFE}.Debug - Web OCX|Win32.ActiveCfg = Debug|Win32
		{FAD778E3-7855-40F5-AA49-932BB0729DFE}.Debug - Web OCX|x64.ActiveCfg = Debug|Win32
		{FAD778E3-7855-40F5-AA49-932BB0729DFE}.Debug|Win32.ActiveCfg = Debug|Win32
		{FAD778E3-7855-40F5-AA49-932BB0729DFE}.Debug|Win32.Build.0 = Debug|Win32
		{FAD778E3-7855-40F5-AA49-932BB0729DFE}.Debug|x64.ActiveCfg = Debug|Win32
		{FAD778E3-7855-40F5-AA49-932BB0729DFE}.Release - Web OCX|Win32.ActiveCfg = Release|Win32
		{FAD778E3-7855-40F5-AA49-932BB0729DFE}.Release - Web OCX|x64.ActiveCfg = Release|Win32
		{FAD778E3-7855-40F5-AA49-932BB0729DFE}.Release|Win32.ActiveCfg = Release|Win32
		{FAD778E3-7855-40F5-AA49-932BB0729DFE}.Release|Win32.Build.0 = Release|Win32
		{FAD778E3-7855-40F5-AA49-932BB0729DFE}.Release|x64.ActiveCfg = Release|Win32
		{FAD778E3-7855-40F5-AA49-932BB0729DFE}.ReleaseAEC|Win32.ActiveCfg = Release|Win32
		{FAD778E3-7855-40F5-AA49-932BB0729DFE}.ReleaseAEC|Win32.Build.0 = Release|Win32
		{FAD778E3-7855-40F5-AA49-932BB0729DFE}.ReleaseAEC|x64.ActiveCfg = Release|Win32
		{C3836F4E-FEC0-4A57-9CDB-B870B994E0D7}.Debug - Web OCX|Win32.ActiveCfg = DebugA3D|Win32
		{C3836F4E-FEC0-4A57-9CDB-B870B994E0D7}.Debug - Web OCX|x64.ActiveCfg = DebugA3D|Win32
		{C3836F4E-FEC0-4A57-9CDB-B870B994E0D7}.Debug|Win32.ActiveCfg = DebugA3D|Win32
		{C3836F4E-FEC0-4A57-9CDB-B870B994E0D7}.Debug|x64.ActiveCfg = Debug|Win32
		{C3836F4E-FEC0-4A57-9CDB-B870B994E0D7}.Release - Web OCX|Win32.ActiveCfg = ReleaseA3D|Win32
		{C3836F4E-FEC0-4A57-9CDB-B870B994E0D7}.Release - Web OCX|x64.ActiveCfg = ReleaseA3D|Win32
		{C3836F4E-FEC0-4A57-9CDB-B870B994E0D7}.Release|Win32.ActiveCfg = ReleaseA3D|Win32
		{C3836F4E-FEC0-4A57-9CDB-B870B994E0D7}.Release|x64.ActiveCfg = Release|Win32
		{C3836F4E-FEC0-4A57-9CDB-B870B994E0D7}.ReleaseAEC|Win32.ActiveCfg = ReleaseAEC|Win32
		{C3836F4E-FEC0-4A57-9CDB-B870B994E0D7}.ReleaseAEC|Win32.Build.0 = ReleaseAEC|Win32
		{C3836F4E-FEC0-4A57-9CDB-B870B994E0D7}.ReleaseAEC|x64.ActiveCfg = ReleaseAEC|Win32
		{BE68FD69-E2C8-4BDE-B20A-6CC46767AFB4}.Debug - Web OCX|Win32.ActiveCfg = DebugA3D|Win32
		{BE68FD69-E2C8-4BDE-B20A-6CC46767AFB4}.Debug - Web OCX|x64.ActiveCfg = DebugA3D|Win32
		{BE68FD69-E2C8-4BDE-B20A-6CC46767AFB4}.Debug|Win32.ActiveCfg = DebugA3D|Win32
		{BE68FD69-E2C8-4BDE-B20A-6CC46767AFB4}.Debug|x64.ActiveCfg = Debug|Win32
		{BE68FD69-E2C8-4BDE-B20A-6CC46767AFB4}.Release - Web OCX|Win32.ActiveCfg = ReleaseA3D|Win32
		{BE68FD69-E2C8-4BDE-B20A-6CC46767AFB4}.Release - Web OCX|x64.ActiveCfg = ReleaseA3D|Win32
		{BE68FD69-E2C8-4BDE-B20A-6CC46767AFB4}.Release|Win32.ActiveCfg = ReleaseA3D|Win32
		{BE68FD69-E2C8-4BDE-B20A-6CC46767AFB4}.Release|x64.ActiveCfg = Release|Win32
		{BE68FD69-E2C8-4BDE-B20A-6CC46767AFB4}.ReleaseAEC|Win32.ActiveCfg = ReleaseA3D|Win32
		{BE68FD69-E2C8-4BDE-B20A-6CC46767AFB4}.ReleaseAEC|Win32.Build.0 = ReleaseA3D|Win32
		{BE68FD69-E2C8-4BDE-B20A-6CC46767AFB4}.ReleaseAEC|x64.ActiveCfg = ReleaseA3D|Win32
		{FAE9D8AD-0344-4756-AE50-AD21D55F0548}.Debug - Web OCX|Win32.ActiveCfg = DebugA3D|Win32
		{FAE9D8AD-0344-4756-AE50-AD21D55F0548}.Debug - Web OCX|x64.ActiveCfg = DebugA3D|Win32
		{FAE9D8AD-0344-4756-AE50-AD21D55F0548}.Debug|Win32.ActiveCfg = DebugA3D|Win32
		{FAE9D8AD-0344-4756-AE50-AD21D55F0548}.Debug|Win32.Build.0 = DebugA3D|Win32
		{FAE9D8AD-0344-4756-AE50-AD21D55F0548}.Debug|x64.ActiveCfg = Debug|Win32
		{FAE9D8AD-0344-4756-AE50-AD21D55F0548}.Release - Web OCX|Win32.ActiveCfg = ReleaseA3D|Win32
		{FAE9D8AD-0344-4756-AE50-AD21D55F0548}.Release - Web OCX|x64.ActiveCfg = ReleaseA3D|Win32
		{FAE9D8AD-0344-4756-AE50-AD21D55F0548}.Release|Win32.ActiveCfg = ReleaseA3D|Win32
		{FAE9D8AD-0344-4756-AE50-AD21D55F0548}.Release|Win32.Build.0 = ReleaseA3D|Win32
		{FAE9D8AD-0344-4756-AE50-AD21D55F0548}.Release|x64.ActiveCfg = Release|Win32
		{FAE9D8AD-0344-4756-AE50-AD21D55F0548}.ReleaseAEC|Win32.ActiveCfg = ReleaseA3D|Win32
		{FAE9D8AD-0344-4756-AE50-AD21D55F0548}.ReleaseAEC|Win32.Build.0 = ReleaseA3D|Win32
		{FAE9D8AD-0344-4756-AE50-AD21D55F0548}.ReleaseAEC|x64.ActiveCfg = ReleaseA3D|Win32
		{11ECDD25-A56E-4E83-9064-6F49606C02F5}.Debug - Web OCX|Win32.ActiveCfg = DebugA3D|Win32
		{11ECDD25-A56E-4E83-9064-6F49606C02F5}.Debug - Web OCX|x64.ActiveCfg = DebugA3D|Win32
		{11ECDD25-A56E-4E83-9064-6F49606C02F5}.Debug|Win32.ActiveCfg = DebugA3D|Win32
		{11ECDD25-A56E-4E83-9064-6F49606C02F5}.Debug|Win32.Build.0 = DebugA3D|Win32
		{11ECDD25-A56E-4E83-9064-6F49606C02F5}.Debug|x64.ActiveCfg = Debug|Win32
		{11ECDD25-A56E-4E83-9064-6F49606C02F5}.Release - Web OCX|Win32.ActiveCfg = ReleaseA3D|Win32
		{11ECDD25-A56E-4E83-9064-6F49606C02F5}.Release - Web OCX|x64.ActiveCfg = ReleaseA3D|Win32
		{11ECDD25-A56E-4E83-9064-6F49606C02F5}.Release|Win32.ActiveCfg = ReleaseA3D|Win32
		{11ECDD25-A56E-4E83-9064-6F49606C02F5}.Release|Win32.Build.0 = ReleaseA3D|Win32
		{11ECDD25-A56E-4E83-9064-6F49606C02F5}.Release|x64.ActiveCfg = Release|Win32
		{11ECDD25-A56E-4E83-9064-6F49606C02F5}.ReleaseAEC|Win32.ActiveCfg = ReleaseA3D|Win32
		{11ECDD25-A56E-4E83-9064-6F49606C02F5}.ReleaseAEC|Win32.Build.0 = ReleaseA3D|Win32
		{11ECDD25-A56E-4E83-9064-6F49606C02F5}.ReleaseAEC|x64.ActiveCfg = ReleaseA3D|Win32
		{FC5CD213-A4D7-4F16-9A2F-8E351C67CA50}.Debug - Web OCX|Win32.ActiveCfg = DebugA3D|Win32
		{FC5CD213-A4D7-4F16-9A2F-8E351C67CA50}.Debug - Web OCX|x64.ActiveCfg = DebugA3D|Win32
		{FC5CD213-A4D7-4F16-9A2F-8E351C67CA50}.Debug|Win32.ActiveCfg = DebugA3D|Win32
		{FC5CD213-A4D7-4F16-9A2F-8E351C67CA50}.Debug|Win32.Build.0 = DebugA3D|Win32
		{FC5CD213-A4D7-4F16-9A2F-8E351C67CA50}.Debug|x64.ActiveCfg = Debug|Win32
		{FC5CD213-A4D7-4F16-9A2F-8E351C67CA50}.Release - Web OCX|Win32.ActiveCfg = ReleaseA3D|Win32
		{FC5CD213-A4D7-4F16-9A2F-8E351C67CA50}.Release - Web OCX|x64.ActiveCfg = ReleaseA3D|Win32
		{FC5CD213-A4D7-4F16-9A2F-8E351C67CA50}.Release|Win32.ActiveCfg = ReleaseA3D|Win32
		{FC5CD213-A4D7-4F16-9A2F-8E351C67CA50}.Release|Win32.Build.0 = ReleaseA3D|Win32
		{FC5CD213-A4D7-4F16-9A2F-8E351C67CA50}.Release|x64.ActiveCfg = Release|Win32
		{FC5CD213-A4D7-4F16-9A2F-8E351C67CA50}.ReleaseAEC|Win32.ActiveCfg = ReleaseA3D|Win32
		{FC5CD213-A4D7-4F16-9A2F-8E351C67CA50}.ReleaseAEC|Win32.Build.0 = ReleaseA3D|Win32
		{FC5CD213-A4D7-4F16-9A2F-8E351C67CA50}.ReleaseAEC|x64.ActiveCfg = ReleaseA3D|Win32
		{5C57DA9D-5D7E-4ECE-92DB-F9C41DA46B50}.Debug - Web OCX|Win32.ActiveCfg = DebugA3D|Win32
		{5C57DA9D-5D7E-4ECE-92DB-F9C41DA46B50}.Debug - Web OCX|x64.ActiveCfg = DebugA3D|Win32
		{5C57DA9D-5D7E-4ECE-92DB-F9C41DA46B50}.Debug|Win32.ActiveCfg = DebugA3D|Win32
		{5C57DA9D-5D7E-4ECE-92DB-F9C41DA46B50}.Debug|x64.ActiveCfg = Debug|Win32
		{5C57DA9D-5D7E-4ECE-92DB-F9C41DA46B50}.Release - Web OCX|Win32.ActiveCfg = ReleaseA3D|Win32
		{5C57DA9D-5D7E-4ECE-92DB-F9C41DA46B50}.Release - Web OCX|x64.ActiveCfg = ReleaseA3D|Win32
		{5C57DA9D-5D7E-4ECE-92DB-F9C41DA46B50}.Release|Win32.ActiveCfg = ReleaseA3D|Win32
		{5C57DA9D-5D7E-4ECE-92DB-F9C41DA46B50}.Release|x64.ActiveCfg = Release|Win32
		{5C57DA9D-5D7E-4ECE-92DB-F9C41DA46B50}.ReleaseAEC|Win32.ActiveCfg = ReleaseA3D|Win32
		{5C57DA9D-5D7E-4ECE-92DB-F9C41DA46B50}.ReleaseAEC|Win32.Build.0 = ReleaseA3D|Win32
		{5C57DA9D-5D7E-4ECE-92DB-F9C41DA46B50}.ReleaseAEC|x64.ActiveCfg = ReleaseA3D|Win32
		{51351D51-CAEB-47A2-A0C8-570E028C5EC0}.Debug - Web OCX|Win32.ActiveCfg = Debug|Win32
		{51351D51-CAEB-47A2-A0C8-570E028C5EC0}.Debug - Web OCX|Win32.Build.0 = Debug|Win32
		{51351D51-CAEB-47A2-A0C8-570E028C5EC0}.Debug - Web OCX|x64.ActiveCfg = Debug|Win32
		{51351D51-CAEB-47A2-A0C8-570E028C5EC0}.Debug|Win32.ActiveCfg = Debug|Win32
		{51351D51-CAEB-47A2-A0C8-570E028C5EC0}.Debug|x64.ActiveCfg = Debug|Win32
		{51351D51-CAEB-47A2-A0C8-570E028C5EC0}.Release - Web OCX|Win32.ActiveCfg = Release|Win32
		{51351D51-CAEB-47A2-A0C8-570E028C5EC0}.Release - Web OCX|Win32.Build.0 = Release|Win32
		{51351D51-CAEB-47A2-A0C8-570E028C5EC0}.Release - Web OCX|x64.ActiveCfg = Release|Win32
		{51351D51-CAEB-47A2-A0C8-570E028C5EC0}.Release|Win32.ActiveCfg = Release|Win32
		{51351D51-CAEB-47A2-A0C8-570E028C5EC0}.Release|x64.ActiveCfg = Release|Win32
		{51351D51-CAEB-47A2-A0C8-570E028C5EC0}.ReleaseAEC|Win32.ActiveCfg = Release|Win32
		{51351D51-CAEB-47A2-A0C8-570E028C5EC0}.ReleaseAEC|Win32.Build.0 = Release|Win32
		{51351D51-CAEB-47A2-A0C8-570E028C5EC0}.ReleaseAEC|x64.ActiveCfg = Release|Win32
		{0BB36103-462B-4AA5-80D2-ED7AF0EB91ED}.Debug - Web OCX|Win32.ActiveCfg = DebugA3D|Win32
		{0BB36103-462B-4AA5-80D2-ED7AF0EB91ED}.Debug - Web OCX|x64.ActiveCfg = DebugA3D|Win32
		{0BB36103-462B-4AA5-80D2-ED7AF0EB91ED}.Debug|Win32.ActiveCfg = DebugA3D|Win32
		{0BB36103-462B-4AA5-80D2-ED7AF0EB91ED}.Debug|Win32.Build.0 = DebugA3D|Win32
		{0BB36103-462B-4AA5-80D2-ED7AF0EB91ED}.Debug|x64.ActiveCfg = Debug|Win32
		{0BB36103-462B-4AA5-80D2-ED7AF0EB91ED}.Release - Web OCX|Win32.ActiveCfg = ReleaseA3D|Win32
		{0BB36103-462B-4AA5-80D2-ED7AF0EB91ED}.Release - Web OCX|x64.ActiveCfg = ReleaseA3D|Win32
		{0BB36103-462B-4AA5-80D2-ED7AF0EB91ED}.Release|Win32.ActiveCfg = ReleaseA3D|Win32
		{0BB36103-462B-4AA5-80D2-ED7AF0EB91ED}.Release|Win32.Build.0 = ReleaseA3D|Win32
		{0BB36103-462B-4AA5-80D2-ED7AF0EB91ED}.Release|x64.ActiveCfg = Release|Win32
		{0BB36103-462B-4AA5-80D2-ED7AF0EB91ED}.ReleaseAEC|Win32.ActiveCfg = ReleaseA3D|Win32
		{0BB36103-462B-4AA5-80D2-ED7AF0EB91ED}.ReleaseAEC|Win32.Build.0 = ReleaseA3D|Win32
		{0BB36103-462B-4AA5-80D2-ED7AF0EB91ED}.ReleaseAEC|x64.ActiveCfg = ReleaseA3D|Win32
		{04AAB079-917F-419E-9482-4EAA67186F7B}.Debug - Web OCX|Win32.ActiveCfg = DebugA3D|Win32
		{04AAB079-917F-419E-9482-4EAA67186F7B}.Debug - Web OCX|x64.ActiveCfg = DebugA3D|Win32
		{04AAB079-917F-419E-9482-4EAA67186F7B}.Debug|Win32.ActiveCfg = DebugA3D|Win32
		{04AAB079-917F-419E-9482-4EAA67186F7B}.Debug|x64.ActiveCfg = Debug|Win32
		{04AAB079-917F-419E-9482-4EAA67186F7B}.Release - Web OCX|Win32.ActiveCfg = ReleaseA3D|Win32
		{04AAB079-917F-419E-9482-4EAA67186F7B}.Release - Web OCX|x64.ActiveCfg = ReleaseA3D|Win32
		{04AAB079-917F-419E-9482-4EAA67186F7B}.Release|Win32.ActiveCfg = ReleaseA3D|Win32
		{04AAB079-917F-419E-9482-4EAA67186F7B}.Release|x64.ActiveCfg = Release|Win32
		{04AAB079-917F-419E-9482-4EAA67186F7B}.ReleaseAEC|Win32.ActiveCfg = ReleaseA3D|Win32
		{04AAB079-917F-419E-9482-4EAA67186F7B}.ReleaseAEC|Win32.Build.0 = ReleaseA3D|Win32
		{04AAB079-917F-419E-9482-4EAA67186F7B}.ReleaseAEC|x64.ActiveCfg = ReleaseA3D|Win32
		{5BEA2341-3271-44CC-938E-D6112825E401}.Debug - Web OCX|Win32.ActiveCfg = DebugA3D|Win32
		{5BEA2341-3271-44CC-938E-D6112825E401}.Debug - Web OCX|x64.ActiveCfg = DebugA3D|Win32
		{5BEA2341-3271-44CC-938E-D6112825E401}.Debug|Win32.ActiveCfg = DebugA3D|Win32
		{5BEA2341-3271-44CC-938E-D6112825E401}.Debug|x64.ActiveCfg = Debug|Win32
		{5BEA2341-3271-44CC-938E-D6112825E401}.Release - Web OCX|Win32.ActiveCfg = ReleaseA3D|Win32
		{5BEA2341-3271-44CC-938E-D6112825E401}.Release - Web OCX|x64.ActiveCfg = ReleaseA3D|Win32
		{5BEA2341-3271-44CC-938E-D6112825E401}.Release|Win32.ActiveCfg = ReleaseA3D|Win32
		{5BEA2341-3271-44CC-938E-D6112825E401}.Release|x64.ActiveCfg = Release|Win32
		{5BEA2341-3271-44CC-938E-D6112825E401}.ReleaseAEC|Win32.ActiveCfg = ReleaseA3D|Win32
		{5BEA2341-3271-44CC-938E-D6112825E401}.ReleaseAEC|Win32.Build.0 = ReleaseA3D|Win32
		{5BEA2341-3271-44CC-938E-D6112825E401}.ReleaseAEC|x64.ActiveCfg = ReleaseA3D|Win32
		{33A295D2-A10B-45FB-AF91-B30C4F7B89FE}.Debug - Web OCX|Win32.ActiveCfg = DebugAcroman|Win32
		{33A295D2-A10B-45FB-AF91-B30C4F7B89FE}.Debug - Web OCX|Win32.Build.0 = DebugAcroman|Win32
		{33A295D2-A10B-45FB-AF91-B30C4F7B89FE}.Debug - Web OCX|x64.ActiveCfg = DebugAcroman|Win32
		{33A295D2-A10B-45FB-AF91-B30C4F7B89FE}.Debug|Win32.ActiveCfg = DebugAcroman|Win32
		{33A295D2-A10B-45FB-AF91-B30C4F7B89FE}.Debug|Win32.Build.0 = DebugAcroman|Win32
		{33A295D2-A10B-45FB-AF91-B30C4F7B89FE}.Debug|x64.ActiveCfg = Debug|Win32
		{33A295D2-A10B-45FB-AF91-B30C4F7B89FE}.Release - Web OCX|Win32.ActiveCfg = ReleaseAcroman|Win32
		{33A295D2-A10B-45FB-AF91-B30C4F7B89FE}.Release - Web OCX|Win32.Build.0 = ReleaseAcroman|Win32
		{33A295D2-A10B-45FB-AF91-B30C4F7B89FE}.Release - Web OCX|x64.ActiveCfg = ReleaseAcroman|Win32
		{33A295D2-A10B-45FB-AF91-B30C4F7B89FE}.Release|Win32.ActiveCfg = ReleaseAcroman|Win32
		{33A295D2-A10B-45FB-AF91-B30C4F7B89FE}.Release|x64.ActiveCfg = Release|Win32
		{33A295D2-A10B-45FB-AF91-B30C4F7B89FE}.ReleaseAEC|Win32.ActiveCfg = ReleaseAcroman|Win32
		{33A295D2-A10B-45FB-AF91-B30C4F7B89FE}.ReleaseAEC|Win32.Build.0 = ReleaseAcroman|Win32
		{33A295D2-A10B-45FB-AF91-B30C4F7B89FE}.ReleaseAEC|x64.ActiveCfg = ReleaseAcroman|Win32
		{E53E2EB5-7D89-4AC9-AEB1-E612CE010E50}.Debug - Web OCX|Win32.ActiveCfg = DebugA3D|Win32
		{E53E2EB5-7D89-4AC9-AEB1-E612CE010E50}.Debug - Web OCX|x64.ActiveCfg = DebugA3D|Win32
		{E53E2EB5-7D89-4AC9-AEB1-E612CE010E50}.Debug|Win32.ActiveCfg = DebugA3D|Win32
		{E53E2EB5-7D89-4AC9-AEB1-E612CE010E50}.Debug|x64.ActiveCfg = Debug|Win32
		{E53E2EB5-7D89-4AC9-AEB1-E612CE010E50}.Release - Web OCX|Win32.ActiveCfg = ReleaseA3D|Win32
		{E53E2EB5-7D89-4AC9-AEB1-E612CE010E50}.Release - Web OCX|x64.ActiveCfg = ReleaseA3D|Win32
		{E53E2EB5-7D89-4AC9-AEB1-E612CE010E50}.Release|Win32.ActiveCfg = ReleaseA3D|Win32
		{E53E2EB5-7D89-4AC9-AEB1-E612CE010E50}.Release|x64.ActiveCfg = Release|Win32
		{E53E2EB5-7D89-4AC9-AEB1-E612CE010E50}.ReleaseAEC|Win32.ActiveCfg = ReleaseA3D|Win32
		{E53E2EB5-7D89-4AC9-AEB1-E612CE010E50}.ReleaseAEC|Win32.Build.0 = ReleaseA3D|Win32
		{E53E2EB5-7D89-4AC9-AEB1-E612CE010E50}.ReleaseAEC|x64.ActiveCfg = ReleaseA3D|Win32
		{FFE4EA48-B144-4B2E-A4BA-B34C8FBBCBAC}.Debug - Web OCX|Win32.ActiveCfg = Debug|Win32
		{FFE4EA48-B144-4B2E-A4BA-B34C8FBBCBAC}.Debug - Web OCX|x64.ActiveCfg = DebugA3D|Win32
		{FFE4EA48-B144-4B2E-A4BA-B34C8FBBCBAC}.Debug|Win32.ActiveCfg = DebugA3D|Win32
		{FFE4EA48-B144-4B2E-A4BA-B34C8FBBCBAC}.Debug|Win32.Build.0 = DebugA3D|Win32
		{FFE4EA48-B144-4B2E-A4BA-B34C8FBBCBAC}.Debug|x64.ActiveCfg = Debug|Win32
		{FFE4EA48-B144-4B2E-A4BA-B34C8FBBCBAC}.Release - Web OCX|Win32.ActiveCfg = ReleaseA3D|Win32
		{FFE4EA48-B144-4B2E-A4BA-B34C8FBBCBAC}.Release - Web OCX|Win32.Build.0 = ReleaseA3D|Win32
		{FFE4EA48-B144-4B2E-A4BA-B34C8FBBCBAC}.Release - Web OCX|x64.ActiveCfg = ReleaseA3D|Win32
		{FFE4EA48-B144-4B2E-A4BA-B34C8FBBCBAC}.Release|Win32.ActiveCfg = ReleaseA3D|Win32
		{FFE4EA48-B144-4B2E-A4BA-B34C8FBBCBAC}.Release|Win32.Build.0 = ReleaseA3D|Win32
		{FFE4EA48-B144-4B2E-A4BA-B34C8FBBCBAC}.Release|x64.ActiveCfg = Release|Win32
		{FFE4EA48-B144-4B2E-A4BA-B34C8FBBCBAC}.ReleaseAEC|Win32.ActiveCfg = ReleaseA3D|Win32
		{FFE4EA48-B144-4B2E-A4BA-B34C8FBBCBAC}.ReleaseAEC|Win32.Build.0 = ReleaseA3D|Win32
		{FFE4EA48-B144-4B2E-A4BA-B34C8FBBCBAC}.ReleaseAEC|x64.ActiveCfg = ReleaseA3D|Win32
		{0C4B9B74-0F88-4EFC-965A-90301E376F8E}.Debug - Web OCX|Win32.ActiveCfg = Debug|Win32
		{0C4B9B74-0F88-4EFC-965A-90301E376F8E}.Debug - Web OCX|Win32.Build.0 = Debug|Win32
		{0C4B9B74-0F88-4EFC-965A-90301E376F8E}.Debug - Web OCX|x64.ActiveCfg = Debug|Win32
		{0C4B9B74-0F88-4EFC-965A-90301E376F8E}.Debug|Win32.ActiveCfg = Debug|Win32
		{0C4B9B74-0F88-4EFC-965A-90301E376F8E}.Debug|Win32.Build.0 = Debug|Win32
		{0C4B9B74-0F88-4EFC-965A-90301E376F8E}.Debug|x64.ActiveCfg = Debug|Win32
		{0C4B9B74-0F88-4EFC-965A-90301E376F8E}.Release - Web OCX|Win32.ActiveCfg = Release|Win32
		{0C4B9B74-0F88-4EFC-965A-90301E376F8E}.Release - Web OCX|Win32.Build.0 = Release|Win32
		{0C4B9B74-0F88-4EFC-965A-90301E376F8E}.Release - Web OCX|x64.ActiveCfg = Release|Win32
		{0C4B9B74-0F88-4EFC-965A-90301E376F8E}.Release|Win32.ActiveCfg = Release|Win32
		{0C4B9B74-0F88-4EFC-965A-90301E376F8E}.Release|Win32.Build.0 = Release|Win32
		{0C4B9B74-0F88-4EFC-965A-90301E376F8E}.Release|x64.ActiveCfg = Release|Win32
		{0C4B9B74-0F88-4EFC-965A-90301E376F8E}.ReleaseAEC|Win32.ActiveCfg = Release|Win32
		{0C4B9B74-0F88-4EFC-965A-90301E376F8E}.ReleaseAEC|Win32.Build.0 = Release|Win32
		{0C4B9B74-0F88-4EFC-965A-90301E376F8E}.ReleaseAEC|x64.ActiveCfg = Release|Win32
	EndGlobalSection
	GlobalSection(SolutionProperties) = preSolution
		HideSolutionNode = FALSE
	EndGlobalSection
	GlobalSection(NestedProjects) = preSolution
		{974B041E-1FC0-406C-9699-BC984301B2A8} = {82720F02-54F9-40D8-BEA5-83B879775CC4}
		{814D8110-3112-4AF8-A490-8A49DAFD4A2E} = {82720F02-54F9-40D8-BEA5-83B879775CC4}
		{49905821-ED90-43EB-AB37-C433D0116D55} = {82720F02-54F9-40D8-BEA5-83B879775CC4}
		{3EF13430-BBF5-415F-BE98-BE6EFD6CFEFD} = {82720F02-54F9-40D8-BEA5-83B879775CC4}
		{9A696F69-B639-4886-ABE1-262A8ED505FC} = {82720F02-54F9-40D8-BEA5-83B879775CC4}
		{FC5CD213-A4D7-4F16-9A2F-8E351C67CA50} = {82720F02-54F9-40D8-BEA5-83B879775CC4}
		{0BB36103-462B-4AA5-80D2-ED7AF0EB91ED} = {82720F02-54F9-40D8-BEA5-83B879775CC4}
		{FFE4EA48-B144-4B2E-A4BA-B34C8FBBCBAC} = {82720F02-54F9-40D8-BEA5-83B879775CC4}
		{288E5572-70BE-48A0-86A7-EDBA2AADA30E} = {974B041E-1FC0-406C-9699-BC984301B2A8}
		{7755F74F-F82E-4EC9-AD90-F0BED9088F78} = {974B041E-1FC0-406C-9699-BC984301B2A8}
		{E7243F96-070F-4A03-A134-2239972DB661} = {974B041E-1FC0-406C-9699-BC984301B2A8}
		{99019EDF-FBB3-49DB-B772-2B77B80FFE74} = {974B041E-1FC0-406C-9699-BC984301B2A8}
		{CA8B128C-2B71-45A2-B459-E80317A96C1A} = {974B041E-1FC0-406C-9699-BC984301B2A8}
		{2AF195EC-68A7-4EE6-85F8-2D77C14447B8} = {974B041E-1FC0-406C-9699-BC984301B2A8}
		{B8FA0EC6-5C62-4A81-A515-1267DD8C1107} = {974B041E-1FC0-406C-9699-BC984301B2A8}
		{0CFE6DEF-6335-4EAB-A000-E18EDCA64B0F} = {974B041E-1FC0-406C-9699-BC984301B2A8}
		{D503CF3F-CDDF-4244-8170-257C31254132} = {974B041E-1FC0-406C-9699-BC984301B2A8}
		{CFCFCDD6-439B-4A0F-A9B7-921CA18122B0} = {974B041E-1FC0-406C-9699-BC984301B2A8}
		{3F7E0E63-FE02-4652-963E-F816D8A76396} = {974B041E-1FC0-406C-9699-BC984301B2A8}
		{0D9FCC96-D3E6-4224-ABDD-2C8EDAF5ACF6} = {974B041E-1FC0-406C-9699-BC984301B2A8}
		{C3836F4E-FEC0-4A57-9CDB-B870B994E0D7} = {974B041E-1FC0-406C-9699-BC984301B2A8}
		{BE68FD69-E2C8-4BDE-B20A-6CC46767AFB4} = {974B041E-1FC0-406C-9699-BC984301B2A8}
		{FAE9D8AD-0344-4756-AE50-AD21D55F0548} = {974B041E-1FC0-406C-9699-BC984301B2A8}
		{11ECDD25-A56E-4E83-9064-6F49606C02F5} = {974B041E-1FC0-406C-9699-BC984301B2A8}
		{5C57DA9D-5D7E-4ECE-92DB-F9C41DA46B50} = {974B041E-1FC0-406C-9699-BC984301B2A8}
		{04AAB079-917F-419E-9482-4EAA67186F7B} = {974B041E-1FC0-406C-9699-BC984301B2A8}
		{5BEA2341-3271-44CC-938E-D6112825E401} = {974B041E-1FC0-406C-9699-BC984301B2A8}
		{AA8B8075-1D88-4E5E-B0C2-B619B7C8EACC} = {974B041E-1FC0-406C-9699-BC984301B2A8}
		{FE976479-1160-4ADA-8065-FAC8B7F271A7} = {974B041E-1FC0-406C-9699-BC984301B2A8}
		{0D0119CA-F56C-422B-926E-291CB50EDAE6} = {814D8110-3112-4AF8-A490-8A49DAFD4A2E}
		{A7F0BAE7-671C-497A-95D9-72242F033F03} = {814D8110-3112-4AF8-A490-8A49DAFD4A2E}
		{33A295D2-A10B-45FB-AF91-B30C4F7B89FE} = {814D8110-3112-4AF8-A490-8A49DAFD4A2E}
		{E53E2EB5-7D89-4AC9-AEB1-E612CE010E50} = {814D8110-3112-4AF8-A490-8A49DAFD4A2E}
		{9BBD1339-E693-4238-B9BB-A58FA6D7CCC2} = {814D8110-3112-4AF8-A490-8A49DAFD4A2E}
	EndGlobalSection
EndGlobal
